{
  "name": "forge-review-app-action",
  "version": "1.0.0",
  "lockfileVersion": 3,
  "requires": true,
  "packages": {
    "": {
      "name": "forge-review-app-action",
      "version": "1.0.0",
      "license": "MIT",
      "devDependencies": {
        "bats": "^1.10.0",
        "bats-assert": "^2.0.0",
        "bats-mock": "^1.2.5",
        "bats-support": "^0.3.0"
      }
    },
    "node_modules/bats": {
      "version": "1.12.0",
      "resolved": "https://registry.npmjs.org/bats/-/bats-1.12.0.tgz",
      "integrity": "sha512-1HTv2n+fjn3bmY9SNDgmzS6bjoKtVlSK2pIHON5aSA2xaqGkZFoCCWP46/G6jm9zZ7MCi84mD+3Byw4t3KGwBg==",
      "dev": true,
      "bin": {
        "bats": "bin/bats"
      }
    },
    "node_modules/bats-assert": {
      "version": "2.2.0",
      "resolved": "https://registry.npmjs.org/bats-assert/-/bats-assert-2.2.0.tgz",
      "integrity": "sha512-UwS5N8JItn8gCiFl5LegBgVzSAy4Wpj241FebQXpiF+17yzeuMGLF/n9mUze4fmRUXryF/8nb3aAh+C7sTfQ2g==",
      "dev": true,
      "peerDependencies": {
        "bats": "0.4 || ^1",
        "bats-support": "^0.3"
      }
    },
    "node_modules/bats-mock": {
      "version": "1.2.5",
      "resolved": "https://registry.npmjs.org/bats-mock/-/bats-mock-1.2.5.tgz",
      "integrity": "sha512-gS6r3XwQnqoDUFQtzSW8rdsD62uHSFRjH1x7g9Q5RnQLnftM3UogfVIboGwvqLk+k0glY5u/qqO/nI4GGU2ZYQ==",
      "dev": true,
      "peerDependencies": {
        "bats": "^0.4.2 || ^1"
      }
    },
    "node_modules/bats-support": {
      "version": "0.3.0",
      "resolved": "https://registry.npmjs.org/bats-support/-/bats-support-0.3.0.tgz",
      "integrity": "sha512-z+2WzXbI4OZgLnynydqH8GpI3+DcOtepO66PlK47SfEzTkiuV9hxn9eIQX+uLVFbt2Oqoc7Ky3TJ/N83lqD+cg==",
      "dev": true,
      "peerDependencies": {
        "bats": "0.4 || ^1"
      }
    }
  }
}
